
Microsoft Visual Studio Solution File, Format Version 12.00
# Visual Studio Version 17
VisualStudioVersion = 17.14.36301.6 d17.14
MinimumVisualStudioVersion = 10.0.40219.1
Project("{FAE04EC0-301F-11D3-BF4B-00C04F79EFBC}") = "Histopedia.API", "Histopedia.API\Histopedia.API.csproj", "{F9791933-1A68-41A1-8832-9B3AD99DA4D7}"
EndProject
Global
	GlobalSection(SolutionConfigurationPlatforms) = preSolution
		Debug|Any CPU = Debug|Any CPU
		Release|Any CPU = Release|Any CPU
	EndGlobalSection
	GlobalSection(ProjectConfigurationPlatforms) = postSolution
		{F9791933-1A68-41A1-8832-9B3AD99DA4D7}.Debug|Any CPU.ActiveCfg = Debug|Any CPU
		{F9791933-1A68-41A1-8832-9B3AD99DA4D7}.Debug|Any CPU.Build.0 = Debug|Any CPU
		{F9791933-1A68-41A1-8832-9B3AD99DA4D7}.Release|Any CPU.ActiveCfg = Release|Any CPU
		{F9791933-1A68-41A1-8832-9B3AD99DA4D7}.Release|Any CPU.Build.0 = Release|Any CPU
	EndGlobalSection
	GlobalSection(SolutionProperties) = preSolution
		HideSolutionNode = FALSE
	EndGlobalSection
	GlobalSection(ExtensibilityGlobals) = postSolution
		SolutionGuid = {DDA02BE8-800A-4484-A0CE-8F58AABEAC8B}
	EndGlobalSection
EndGlobal
